
Microsoft Visual Studio Solution File, Format Version 12.00
# Visual Studio Version 17
VisualStudioVersion = 17.4.33122.133
MinimumVisualStudioVersion = 10.0.40219.1
Project("{FAE04EC0-301F-11D3-BF4B-00C04F79EFBC}") = "Searching OMDB", "Searching OMDB\Searching OMDB.csproj", "{4A30217F-6DCC-428F-BCE2-D98C9C99FB25}"
EndProject
Global
	GlobalSection(SolutionConfigurationPlatforms) = preSolution
		Debug|Any CPU = Debug|Any CPU
		Release|Any CPU = Release|Any CPU
	EndGlobalSection
	GlobalSection(ProjectConfigurationPlatforms) = postSolution
		{4A30217F-6DCC-428F-BCE2-D98C9C99FB25}.Debug|Any CPU.ActiveCfg = Debug|Any CPU
		{4A30217F-6DCC-428F-BCE2-D98C9C99FB25}.Debug|Any CPU.Build.0 = Debug|Any CPU
		{4A30217F-6DCC-428F-BCE2-D98C9C99FB25}.Release|Any CPU.ActiveCfg = Release|Any CPU
		{4A30217F-6DCC-428F-BCE2-D98C9C99FB25}.Release|Any CPU.Build.0 = Release|Any CPU
	EndGlobalSection
	GlobalSection(SolutionProperties) = preSolution
		HideSolutionNode = FALSE
	EndGlobalSection
	GlobalSection(ExtensibilityGlobals) = postSolution
		SolutionGuid = {9CAF441F-AC1C-4465-9EB3-955A5B6E25CB}
	EndGlobalSection
EndGlobal
